# THIS IS AN AUTOGENERATED FILE. DO NOT EDIT THIS FILE DIRECTLY.
# yarn lockfile v1


"@vue/devtools-api@^7.5.2":
  version "7.6.8"
  resolved "https://registry.yarnpkg.com/@vue/devtools-api/-/devtools-api-7.6.8.tgz#8cd39eb9846d81eccbffe41c1f1ca33ad195d691"
  integrity sha512-ma6dY/sZR36zALVsV1W7eC57c6IJPXsy8SNgZn1PLVWU4z4dPn5TIBmnF4stmdJ4sQcixqKaQ8pwjbMPzEZwiA==
  dependencies:
    "@vue/devtools-kit" "^7.6.8"

"@vue/devtools-kit@^7.6.8":
  version "7.6.8"
  resolved "https://registry.yarnpkg.com/@vue/devtools-kit/-/devtools-kit-7.6.8.tgz#c9e98470f327d93d8d6cec8aa34cf071a1ad949b"
  integrity sha512-JhJ8M3sPU+v0P2iZBF2DkdmR9L0dnT5RXJabJqX6o8KtFs3tebdvfoXV2Dm3BFuqeECuMJIfF1aCzSt+WQ4wrw==
  dependencies:
    "@vue/devtools-shared" "^7.6.8"
    birpc "^0.2.19"
    hookable "^5.5.3"
    mitt "^3.0.1"
    perfect-debounce "^1.0.0"
    speakingurl "^14.0.1"
    superjson "^2.2.1"

"@vue/devtools-shared@^7.6.8":
  version "7.6.8"
  resolved "https://registry.yarnpkg.com/@vue/devtools-shared/-/devtools-shared-7.6.8.tgz#ddff5e3678353a286c733df5b26d058479d521f1"
  integrity sha512-9MBPO5Z3X1nYGFqTJyohl6Gmf/J7UNN1oicHdyzBVZP4jnhZ4c20MgtaHDIzWmHDHCMYVS5bwKxT3jxh7gOOKA==
  dependencies:
    rfdc "^1.4.1"

birpc@^0.2.19:
  version "0.2.19"
  resolved "https://registry.yarnpkg.com/birpc/-/birpc-0.2.19.tgz#cdd183a4a70ba103127d49765b4a71349da5a0ca"
  integrity sha512-5WeXXAvTmitV1RqJFppT5QtUiz2p1mRSYU000Jkft5ZUCLJIk4uQriYNO50HknxKwM6jd8utNc66K1qGIwwWBQ==

copy-anything@^3.0.2:
  version "3.0.5"
  resolved "https://registry.yarnpkg.com/copy-anything/-/copy-anything-3.0.5.tgz#2d92dce8c498f790fa7ad16b01a1ae5a45b020a0"
  integrity sha512-yCEafptTtb4bk7GLEQoM8KVJpxAfdBJYaXyzQEgQQQgYrZiDp8SJmGKlYza6CYjEDNstAdNdKA3UuoULlEbS6w==
  dependencies:
    is-what "^4.1.8"

hookable@^5.5.3:
  version "5.5.3"
  resolved "https://registry.yarnpkg.com/hookable/-/hookable-5.5.3.tgz#6cfc358984a1ef991e2518cb9ed4a778bbd3215d"
  integrity sha512-Yc+BQe8SvoXH1643Qez1zqLRmbA5rCL+sSmk6TVos0LWVfNIB7PGncdlId77WzLGSIB5KaWgTaNTs2lNVEI6VQ==

is-what@^4.1.8:
  version "4.1.16"
  resolved "https://registry.yarnpkg.com/is-what/-/is-what-4.1.16.tgz#1ad860a19da8b4895ad5495da3182ce2acdd7a6f"
  integrity sha512-ZhMwEosbFJkA0YhFnNDgTM4ZxDRsS6HqTo7qsZM08fehyRYIYa0yHu5R6mgo1n/8MgaPBXiPimPD77baVFYg+A==

mitt@^3.0.1:
  version "3.0.1"
  resolved "https://registry.yarnpkg.com/mitt/-/mitt-3.0.1.tgz#ea36cf0cc30403601ae074c8f77b7092cdab36d1"
  integrity sha512-vKivATfr97l2/QBCYAkXYDbrIWPM2IIKEl7YPhjCvKlG3kE2gm+uBo6nEXK3M5/Ffh/FLpKExzOQ3JJoJGFKBw==

perfect-debounce@^1.0.0:
  version "1.0.0"
  resolved "https://registry.yarnpkg.com/perfect-debounce/-/perfect-debounce-1.0.0.tgz#9c2e8bc30b169cc984a58b7d5b28049839591d2a"
  integrity sha512-xCy9V055GLEqoFaHoC1SoLIaLmWctgCUaBaWxDZ7/Zx4CTyX7cJQLJOok/orfjZAh9kEYpjJa4d0KcJmCbctZA==

property-expr@^2.0.5:
  version "2.0.6"
  resolved "https://registry.yarnpkg.com/property-expr/-/property-expr-2.0.6.tgz#f77bc00d5928a6c748414ad12882e83f24aec1e8"
  integrity sha512-SVtmxhRE/CGkn3eZY1T6pC8Nln6Fr/lu1mKSgRud0eC73whjGfoAogbn78LkD8aFL0zz3bAFerKSnOl7NlErBA==

rfdc@^1.4.1:
  version "1.4.1"
  resolved "https://registry.yarnpkg.com/rfdc/-/rfdc-1.4.1.tgz#778f76c4fb731d93414e8f925fbecf64cce7f6ca"
  integrity sha512-q1b3N5QkRUWUl7iyylaaj3kOpIT0N2i9MqIEQXP73GVsN9cw3fdx8X63cEmWhJGi2PPCF23Ijp7ktmd39rawIA==

speakingurl@^14.0.1:
  version "14.0.1"
  resolved "https://registry.yarnpkg.com/speakingurl/-/speakingurl-14.0.1.tgz#f37ec8ddc4ab98e9600c1c9ec324a8c48d772a53"
  integrity sha512-1POYv7uv2gXoyGFpBCmpDVSNV74IfsWlDW216UPjbWufNf+bSU6GdbDsxdcxtfwb4xlI3yxzOTKClUosxARYrQ==

superjson@^2.2.1:
  version "2.2.2"
  resolved "https://registry.yarnpkg.com/superjson/-/superjson-2.2.2.tgz#9d52bf0bf6b5751a3c3472f1292e714782ba3173"
  integrity sha512-5JRxVqC8I8NuOUjzBbvVJAKNM8qoVuH0O77h4WInc/qC2q5IreqKxYwgkga3PfA22OayK2ikceb/B26dztPl+Q==
  dependencies:
    copy-anything "^3.0.2"

tiny-case@^1.0.3:
  version "1.0.3"
  resolved "https://registry.yarnpkg.com/tiny-case/-/tiny-case-1.0.3.tgz#d980d66bc72b5d5a9ca86fb7c9ffdb9c898ddd03"
  integrity sha512-Eet/eeMhkO6TX8mnUteS9zgPbUMQa4I6Kkp5ORiBD5476/m+PIRiumP5tmh5ioJpH7k51Kehawy2UDfsnxxY8Q==

toposort@^2.0.2:
  version "2.0.2"
  resolved "https://registry.yarnpkg.com/toposort/-/toposort-2.0.2.tgz#ae21768175d1559d48bef35420b2f4962f09c330"
  integrity sha512-0a5EOkAUp8D4moMi2W8ZF8jcga7BgZd91O/yabJCFY8az+XSzeGyTKs0Aoo897iV1Nj6guFq8orWDS96z91oGg==

type-fest@^2.19.0:
  version "2.19.0"
  resolved "https://registry.yarnpkg.com/type-fest/-/type-fest-2.19.0.tgz#88068015bb33036a598b952e55e9311a60fd3a9b"
  integrity sha512-RAH822pAdBgcNMAfWnCBU3CFZcfZ/i1eZjwFU/dsLKumyuuP3niueg2UAukXYF0E2AAoc82ZSSf9J0WQBinzHA==

type-fest@^4.8.3:
  version "4.30.1"
  resolved "https://registry.yarnpkg.com/type-fest/-/type-fest-4.30.1.tgz#120b9e15177310ec4e9d5d6f187d86c0f4b55e0e"
  integrity sha512-ojFL7eDMX2NF0xMbDwPZJ8sb7ckqtlAi1GsmgsFXvErT9kFTk1r0DuQKvrCh73M6D4nngeHJmvogF9OluXs7Hw==

vee-validate@^4.14.7:
  version "4.14.7"
  resolved "https://registry.yarnpkg.com/vee-validate/-/vee-validate-4.14.7.tgz#736a500a1a9e7ea2d33c230d71f55a7a69c0a610"
  integrity sha512-XVb1gBFJR57equ11HEI8uxNqFJkwvCP/b+p+saDPQYaW7k45cdF5jsYPEJud1o29GD6h2y7Awm7Qfm89yKi74A==
  dependencies:
    "@vue/devtools-api" "^7.5.2"
    type-fest "^4.8.3"

yup-locale-pt@^0.0.9:
  version "0.0.9"
  resolved "https://registry.yarnpkg.com/yup-locale-pt/-/yup-locale-pt-0.0.9.tgz#5e0d2a7e78c3603b16d76a8a550c134e029002e7"
  integrity sha512-Fpvu6NA04Uy/aXHNG2h1zvcizTf3WxuxHFX+cvamgCfrmtIcCnzb88Ek0q6+/Hj1BixO8a/bbfJAtIpSytQyWQ==

yup@^1.5.0:
  version "1.5.0"
  resolved "https://registry.yarnpkg.com/yup/-/yup-1.5.0.tgz#1aaa5e453f04424094b9c8a0e5292e0ac2d97246"
  integrity sha512-NJfBIHnp1QbqZwxcgl6irnDMIsb/7d1prNhFx02f1kp8h+orpi4xs3w90szNpOh68a/iHPdMsYvhZWoDmUvXBQ==
  dependencies:
    property-expr "^2.0.5"
    tiny-case "^1.0.3"
    toposort "^2.0.2"
    type-fest "^2.19.0"
